
Microsoft Visual Studio Solution File, Format Version 12.00
# Visual Studio 15
Project("{FAE04EC0-301F-11D3-BF4B-00C04F79EFBC}") = "Assembly-CSharp", "Assembly-CSharp.csproj", "{E43835CE-34FF-A4FA-1242-AE51DE1F9BE7}"
EndProject
Project("{FAE04EC0-301F-11D3-BF4B-00C04F79EFBC}") = "Assembly-CSharp-Editor", "Assembly-CSharp-Editor.csproj", "{27B7DF56-9BEB-1A86-CCA9-6090652EE62E}"
EndProject
Project("{FAE04EC0-301F-11D3-BF4B-00C04F79EFBC}") = "Assembly-CSharp-Editor-firstpass", "Assembly-CSharp-Editor-firstpass.csproj", "{E77AA783-3A1D-A7F3-B64C-FD90BD34FE4A}"
EndProject
Global
	GlobalSection(SolutionConfigurationPlatforms) = preSolution
		Debug|Any CPU = Debug|Any CPU
		Release|Any CPU = Release|Any CPU
	EndGlobalSection
	GlobalSection(ProjectConfigurationPlatforms) = postSolution
		{E43835CE-34FF-A4FA-1242-AE51DE1F9BE7}.Debug|Any CPU.ActiveCfg = Debug|Any CPU
		{E43835CE-34FF-A4FA-1242-AE51DE1F9BE7}.Debug|Any CPU.Build.0 = Debug|Any CPU
		{E43835CE-34FF-A4FA-1242-AE51DE1F9BE7}.Release|Any CPU.ActiveCfg = Release|Any CPU
		{E43835CE-34FF-A4FA-1242-AE51DE1F9BE7}.Release|Any CPU.Build.0 = Release|Any CPU
		{27B7DF56-9BEB-1A86-CCA9-6090652EE62E}.Debug|Any CPU.ActiveCfg = Debug|Any CPU
		{27B7DF56-9BEB-1A86-CCA9-6090652EE62E}.Debug|Any CPU.Build.0 = Debug|Any CPU
		{27B7DF56-9BEB-1A86-CCA9-6090652EE62E}.Release|Any CPU.ActiveCfg = Release|Any CPU
		{27B7DF56-9BEB-1A86-CCA9-6090652EE62E}.Release|Any CPU.Build.0 = Release|Any CPU
		{E77AA783-3A1D-A7F3-B64C-FD90BD34FE4A}.Debug|Any CPU.ActiveCfg = Debug|Any CPU
		{E77AA783-3A1D-A7F3-B64C-FD90BD34FE4A}.Debug|Any CPU.Build.0 = Debug|Any CPU
		{E77AA783-3A1D-A7F3-B64C-FD90BD34FE4A}.Release|Any CPU.ActiveCfg = Release|Any CPU
		{E77AA783-3A1D-A7F3-B64C-FD90BD34FE4A}.Release|Any CPU.Build.0 = Release|Any CPU
	EndGlobalSection
	GlobalSection(SolutionProperties) = preSolution
		HideSolutionNode = FALSE
	EndGlobalSection
EndGlobal
